
Microsoft Visual Studio Solution File, Format Version 12.00
# Visual Studio 2013
VisualStudioVersion = 12.0.40629.0
MinimumVisualStudioVersion = 10.0.40219.1
Project("{FAE04EC0-301F-11D3-BF4B-00C04F79EFBC}") = "SimpleView_CallBack", "SimpleView_CallBack\SimpleView_CallBack.csproj", "{DD13ACD6-83F7-49E6-B3F6-D868B95EDBD0}"
EndProject
Project("{FAE04EC0-301F-11D3-BF4B-00C04F79EFBC}") = "SimpleView_DepthToPointCloud", "SimpleView_DepthToPointCloud\SimpleView_DepthToPointCloud.csproj", "{AABDECA8-9BF3-4EB9-99C6-F719E4717BF4}"
EndProject
Project("{FAE04EC0-301F-11D3-BF4B-00C04F79EFBC}") = "SimpleView_DirectOpenByIP", "SimpleView_DirectOpenByIP\SimpleView_DirectOpenByIP.csproj", "{DCAC2886-4AC5-4C7F-8614-36CC3F034A58}"
EndProject
Project("{FAE04EC0-301F-11D3-BF4B-00C04F79EFBC}") = "SimpleView_FetchFrame", "SimpleView_FetchFrame\SimpleView_FetchFrame.csproj", "{9F1945C7-B845-4AB1-8CD3-782A442F163A}"
EndProject
Project("{FAE04EC0-301F-11D3-BF4B-00C04F79EFBC}") = "SimpleView_Reconnect", "SimpleView_Reconnect\SimpleView_Reconnect.csproj", "{B00D35FA-87E3-4DDE-A6AC-D5CC0A17B41D}"
EndProject
Project("{FAE04EC0-301F-11D3-BF4B-00C04F79EFBC}") = "BasicDemo", "BasicDemo\BasicDemo.csproj", "{2FCAA066-DFE8-4F65-8082-C4F3905C6BEF}"
EndProject
Project("{FAE04EC0-301F-11D3-BF4B-00C04F79EFBC}") = "BasicDemo_Callback", "BasicDemo_Callback\BasicDemo_Callback.csproj", "{073233AA-480B-469A-8E3E-36891F07C6D1}"
EndProject
Project("{FAE04EC0-301F-11D3-BF4B-00C04F79EFBC}") = "MultipleCamera", "MultipleCamera\MultipleCamera.csproj", "{D063BDD8-9149-4D51-B2CF-B2C5A098F5F9}"
EndProject
Project("{FAE04EC0-301F-11D3-BF4B-00C04F79EFBC}") = "BasicDemo_DisplayIntensity", "BasicDemo_DisplayIntensity\BasicDemo_DisplayIntensity.csproj", "{87F751EB-1669-401C-9034-6A1E160F5A55}"
EndProject
Project("{FAE04EC0-301F-11D3-BF4B-00C04F79EFBC}") = "BasicDemo_DepthMosaic", "BasicDemo_DepthMosaic\BasicDemo_DepthMosaic.csproj", "{43E7D318-C846-48D7-9671-9700447BC3EE}"
EndProject
Project("{FAE04EC0-301F-11D3-BF4B-00C04F79EFBC}") = "BasicDemo_DepthMosaicSingle", "BasicDemo_DepthMosaicSingle\BasicDemo_DepthMosaicSingle.csproj", "{9E7229C6-45D6-40E2-9EE9-119997E629C3}"
EndProject
Project("{FAE04EC0-301F-11D3-BF4B-00C04F79EFBC}") = "SimpleView_ImageDataParse", "SimpleView_ImageDataParse\SimpleView_ImageDataParse.csproj", "{BD5B8EF9-7075-4781-9D2A-032E2599785B}"
EndProject
Project("{FAE04EC0-301F-11D3-BF4B-00C04F79EFBC}") = "MultipleCamera_CallBack", "MultipleCamera_CallBack\MultipleCamera_CallBack.csproj", "{54733854-ADD4-47C8-B40A-BAB857BE049D}"
EndProject
Project("{FAE04EC0-301F-11D3-BF4B-00C04F79EFBC}") = "BasicDemo_DepthToPointCloud", "BasicDemo_DepthToPointCloud\BasicDemo_DepthToPointCloud.csproj", "{FA733029-A94B-44BB-9846-D09745B050DA}"
EndProject
Project("{FAE04EC0-301F-11D3-BF4B-00C04F79EFBC}") = "SimpleView_SetParam", "SimpleView_SetParam\SimpleView_SetParam.csproj", "{40E41627-161D-4111-B65F-4AD8FD3B276C}"
EndProject
Project("{FAE04EC0-301F-11D3-BF4B-00C04F79EFBC}") = "BasicDemo_DepthToPointCloudRound", "BasicDemo_DepthToPointCloudRound\BasicDemo_DepthToPointCloudRound.csproj", "{6BA5F9A6-DEFA-499A-BAA2-4DF15BE9E647}"
EndProject
Global
	GlobalSection(SolutionConfigurationPlatforms) = preSolution
		Debug|Any CPU = Debug|Any CPU
		Debug|x64 = Debug|x64
		Debug|x86 = Debug|x86
		Release|Any CPU = Release|Any CPU
		Release|x64 = Release|x64
		Release|x86 = Release|x86
	EndGlobalSection
	GlobalSection(ProjectConfigurationPlatforms) = postSolution
		{DD13ACD6-83F7-49E6-B3F6-D868B95EDBD0}.Debug|Any CPU.ActiveCfg = Debug|Any CPU
		{DD13ACD6-83F7-49E6-B3F6-D868B95EDBD0}.Debug|Any CPU.Build.0 = Debug|Any CPU
		{DD13ACD6-83F7-49E6-B3F6-D868B95EDBD0}.Debug|x64.ActiveCfg = Debug|x64
		{DD13ACD6-83F7-49E6-B3F6-D868B95EDBD0}.Debug|x64.Build.0 = Debug|x64
		{DD13ACD6-83F7-49E6-B3F6-D868B95EDBD0}.Debug|x86.ActiveCfg = Debug|x86
		{DD13ACD6-83F7-49E6-B3F6-D868B95EDBD0}.Debug|x86.Build.0 = Debug|x86
		{DD13ACD6-83F7-49E6-B3F6-D868B95EDBD0}.Release|Any CPU.ActiveCfg = Release|Any CPU
		{DD13ACD6-83F7-49E6-B3F6-D868B95EDBD0}.Release|Any CPU.Build.0 = Release|Any CPU
		{DD13ACD6-83F7-49E6-B3F6-D868B95EDBD0}.Release|x64.ActiveCfg = Release|x64
		{DD13ACD6-83F7-49E6-B3F6-D868B95EDBD0}.Release|x64.Build.0 = Release|x64
		{DD13ACD6-83F7-49E6-B3F6-D868B95EDBD0}.Release|x86.ActiveCfg = Release|x86
		{DD13ACD6-83F7-49E6-B3F6-D868B95EDBD0}.Release|x86.Build.0 = Release|x86
		{AABDECA8-9BF3-4EB9-99C6-F719E4717BF4}.Debug|Any CPU.ActiveCfg = Debug|Any CPU
		{AABDECA8-9BF3-4EB9-99C6-F719E4717BF4}.Debug|Any CPU.Build.0 = Debug|Any CPU
		{AABDECA8-9BF3-4EB9-99C6-F719E4717BF4}.Debug|x64.ActiveCfg = Debug|x64
		{AABDECA8-9BF3-4EB9-99C6-F719E4717BF4}.Debug|x64.Build.0 = Debug|x64
		{AABDECA8-9BF3-4EB9-99C6-F719E4717BF4}.Debug|x86.ActiveCfg = Debug|x86
		{AABDECA8-9BF3-4EB9-99C6-F719E4717BF4}.Debug|x86.Build.0 = Debug|x86
		{AABDECA8-9BF3-4EB9-99C6-F719E4717BF4}.Release|Any CPU.ActiveCfg = Release|Any CPU
		{AABDECA8-9BF3-4EB9-99C6-F719E4717BF4}.Release|Any CPU.Build.0 = Release|Any CPU
		{AABDECA8-9BF3-4EB9-99C6-F719E4717BF4}.Release|x64.ActiveCfg = Release|x64
		{AABDECA8-9BF3-4EB9-99C6-F719E4717BF4}.Release|x64.Build.0 = Release|x64
		{AABDECA8-9BF3-4EB9-99C6-F719E4717BF4}.Release|x86.ActiveCfg = Release|x86
		{AABDECA8-9BF3-4EB9-99C6-F719E4717BF4}.Release|x86.Build.0 = Release|x86
		{DCAC2886-4AC5-4C7F-8614-36CC3F034A58}.Debug|Any CPU.ActiveCfg = Debug|Any CPU
		{DCAC2886-4AC5-4C7F-8614-36CC3F034A58}.Debug|Any CPU.Build.0 = Debug|Any CPU
		{DCAC2886-4AC5-4C7F-8614-36CC3F034A58}.Debug|x64.ActiveCfg = Debug|x64
		{DCAC2886-4AC5-4C7F-8614-36CC3F034A58}.Debug|x64.Build.0 = Debug|x64
		{DCAC2886-4AC5-4C7F-8614-36CC3F034A58}.Debug|x86.ActiveCfg = Debug|x86
		{DCAC2886-4AC5-4C7F-8614-36CC3F034A58}.Debug|x86.Build.0 = Debug|x86
		{DCAC2886-4AC5-4C7F-8614-36CC3F034A58}.Release|Any CPU.ActiveCfg = Release|Any CPU
		{DCAC2886-4AC5-4C7F-8614-36CC3F034A58}.Release|Any CPU.Build.0 = Release|Any CPU
		{DCAC2886-4AC5-4C7F-8614-36CC3F034A58}.Release|x64.ActiveCfg = Release|x64
		{DCAC2886-4AC5-4C7F-8614-36CC3F034A58}.Release|x64.Build.0 = Release|x64
		{DCAC2886-4AC5-4C7F-8614-36CC3F034A58}.Release|x86.ActiveCfg = Release|x86
		{DCAC2886-4AC5-4C7F-8614-36CC3F034A58}.Release|x86.Build.0 = Release|x86
		{9F1945C7-B845-4AB1-8CD3-782A442F163A}.Debug|Any CPU.ActiveCfg = Debug|Any CPU
		{9F1945C7-B845-4AB1-8CD3-782A442F163A}.Debug|Any CPU.Build.0 = Debug|Any CPU
		{9F1945C7-B845-4AB1-8CD3-782A442F163A}.Debug|x64.ActiveCfg = Debug|x64
		{9F1945C7-B845-4AB1-8CD3-782A442F163A}.Debug|x64.Build.0 = Debug|x64
		{9F1945C7-B845-4AB1-8CD3-782A442F163A}.Debug|x86.ActiveCfg = Debug|x86
		{9F1945C7-B845-4AB1-8CD3-782A442F163A}.Debug|x86.Build.0 = Debug|x86
		{9F1945C7-B845-4AB1-8CD3-782A442F163A}.Release|Any CPU.ActiveCfg = Release|Any CPU
		{9F1945C7-B845-4AB1-8CD3-782A442F163A}.Release|Any CPU.Build.0 = Release|Any CPU
		{9F1945C7-B845-4AB1-8CD3-782A442F163A}.Release|x64.ActiveCfg = Release|x64
		{9F1945C7-B845-4AB1-8CD3-782A442F163A}.Release|x64.Build.0 = Release|x64
		{9F1945C7-B845-4AB1-8CD3-782A442F163A}.Release|x86.ActiveCfg = Release|x86
		{9F1945C7-B845-4AB1-8CD3-782A442F163A}.Release|x86.Build.0 = Release|x86
		{B00D35FA-87E3-4DDE-A6AC-D5CC0A17B41D}.Debug|Any CPU.ActiveCfg = Debug|Any CPU
		{B00D35FA-87E3-4DDE-A6AC-D5CC0A17B41D}.Debug|Any CPU.Build.0 = Debug|Any CPU
		{B00D35FA-87E3-4DDE-A6AC-D5CC0A17B41D}.Debug|x64.ActiveCfg = Debug|x64
		{B00D35FA-87E3-4DDE-A6AC-D5CC0A17B41D}.Debug|x64.Build.0 = Debug|x64
		{B00D35FA-87E3-4DDE-A6AC-D5CC0A17B41D}.Debug|x86.ActiveCfg = Debug|x86
		{B00D35FA-87E3-4DDE-A6AC-D5CC0A17B41D}.Debug|x86.Build.0 = Debug|x86
		{B00D35FA-87E3-4DDE-A6AC-D5CC0A17B41D}.Release|Any CPU.ActiveCfg = Release|Any CPU
		{B00D35FA-87E3-4DDE-A6AC-D5CC0A17B41D}.Release|Any CPU.Build.0 = Release|Any CPU
		{B00D35FA-87E3-4DDE-A6AC-D5CC0A17B41D}.Release|x64.ActiveCfg = Release|x64
		{B00D35FA-87E3-4DDE-A6AC-D5CC0A17B41D}.Release|x64.Build.0 = Release|x64
		{B00D35FA-87E3-4DDE-A6AC-D5CC0A17B41D}.Release|x86.ActiveCfg = Release|x86
		{B00D35FA-87E3-4DDE-A6AC-D5CC0A17B41D}.Release|x86.Build.0 = Release|x86
		{2FCAA066-DFE8-4F65-8082-C4F3905C6BEF}.Debug|Any CPU.ActiveCfg = Debug|Any CPU
		{2FCAA066-DFE8-4F65-8082-C4F3905C6BEF}.Debug|Any CPU.Build.0 = Debug|Any CPU
		{2FCAA066-DFE8-4F65-8082-C4F3905C6BEF}.Debug|x64.ActiveCfg = Debug|x64
		{2FCAA066-DFE8-4F65-8082-C4F3905C6BEF}.Debug|x64.Build.0 = Debug|x64
		{2FCAA066-DFE8-4F65-8082-C4F3905C6BEF}.Debug|x86.ActiveCfg = Debug|x86
		{2FCAA066-DFE8-4F65-8082-C4F3905C6BEF}.Debug|x86.Build.0 = Debug|x86
		{2FCAA066-DFE8-4F65-8082-C4F3905C6BEF}.Release|Any CPU.ActiveCfg = Release|Any CPU
		{2FCAA066-DFE8-4F65-8082-C4F3905C6BEF}.Release|Any CPU.Build.0 = Release|Any CPU
		{2FCAA066-DFE8-4F65-8082-C4F3905C6BEF}.Release|x64.ActiveCfg = Release|x64
		{2FCAA066-DFE8-4F65-8082-C4F3905C6BEF}.Release|x64.Build.0 = Release|x64
		{2FCAA066-DFE8-4F65-8082-C4F3905C6BEF}.Release|x86.ActiveCfg = Release|x86
		{2FCAA066-DFE8-4F65-8082-C4F3905C6BEF}.Release|x86.Build.0 = Release|x86
		{073233AA-480B-469A-8E3E-36891F07C6D1}.Debug|Any CPU.ActiveCfg = Debug|Any CPU
		{073233AA-480B-469A-8E3E-36891F07C6D1}.Debug|Any CPU.Build.0 = Debug|Any CPU
		{073233AA-480B-469A-8E3E-36891F07C6D1}.Debug|x64.ActiveCfg = Debug|x64
		{073233AA-480B-469A-8E3E-36891F07C6D1}.Debug|x64.Build.0 = Debug|x64
		{073233AA-480B-469A-8E3E-36891F07C6D1}.Debug|x86.ActiveCfg = Debug|x86
		{073233AA-480B-469A-8E3E-36891F07C6D1}.Debug|x86.Build.0 = Debug|x86
		{073233AA-480B-469A-8E3E-36891F07C6D1}.Release|Any CPU.ActiveCfg = Release|Any CPU
		{073233AA-480B-469A-8E3E-36891F07C6D1}.Release|Any CPU.Build.0 = Release|Any CPU
		{073233AA-480B-469A-8E3E-36891F07C6D1}.Release|x64.ActiveCfg = Release|x64
		{073233AA-480B-469A-8E3E-36891F07C6D1}.Release|x64.Build.0 = Release|x64
		{073233AA-480B-469A-8E3E-36891F07C6D1}.Release|x86.ActiveCfg = Release|x86
		{073233AA-480B-469A-8E3E-36891F07C6D1}.Release|x86.Build.0 = Release|x86
		{D063BDD8-9149-4D51-B2CF-B2C5A098F5F9}.Debug|Any CPU.ActiveCfg = Debug|Any CPU
		{D063BDD8-9149-4D51-B2CF-B2C5A098F5F9}.Debug|Any CPU.Build.0 = Debug|Any CPU
		{D063BDD8-9149-4D51-B2CF-B2C5A098F5F9}.Debug|x64.ActiveCfg = Debug|x64
		{D063BDD8-9149-4D51-B2CF-B2C5A098F5F9}.Debug|x64.Build.0 = Debug|x64
		{D063BDD8-9149-4D51-B2CF-B2C5A098F5F9}.Debug|x86.ActiveCfg = Debug|x86
		{D063BDD8-9149-4D51-B2CF-B2C5A098F5F9}.Debug|x86.Build.0 = Debug|x86
		{D063BDD8-9149-4D51-B2CF-B2C5A098F5F9}.Release|Any CPU.ActiveCfg = Release|Any CPU
		{D063BDD8-9149-4D51-B2CF-B2C5A098F5F9}.Release|Any CPU.Build.0 = Release|Any CPU
		{D063BDD8-9149-4D51-B2CF-B2C5A098F5F9}.Release|x64.ActiveCfg = Release|x64
		{D063BDD8-9149-4D51-B2CF-B2C5A098F5F9}.Release|x64.Build.0 = Release|x64
		{D063BDD8-9149-4D51-B2CF-B2C5A098F5F9}.Release|x86.ActiveCfg = Release|x86
		{D063BDD8-9149-4D51-B2CF-B2C5A098F5F9}.Release|x86.Build.0 = Release|x86
		{87F751EB-1669-401C-9034-6A1E160F5A55}.Debug|Any CPU.ActiveCfg = Debug|Any CPU
		{87F751EB-1669-401C-9034-6A1E160F5A55}.Debug|Any CPU.Build.0 = Debug|Any CPU
		{87F751EB-1669-401C-9034-6A1E160F5A55}.Debug|x64.ActiveCfg = Debug|x64
		{87F751EB-1669-401C-9034-6A1E160F5A55}.Debug|x64.Build.0 = Debug|x64
		{87F751EB-1669-401C-9034-6A1E160F5A55}.Debug|x86.ActiveCfg = Debug|x86
		{87F751EB-1669-401C-9034-6A1E160F5A55}.Debug|x86.Build.0 = Debug|x86
		{87F751EB-1669-401C-9034-6A1E160F5A55}.Release|Any CPU.ActiveCfg = Release|Any CPU
		{87F751EB-1669-401C-9034-6A1E160F5A55}.Release|Any CPU.Build.0 = Release|Any CPU
		{87F751EB-1669-401C-9034-6A1E160F5A55}.Release|x64.ActiveCfg = Release|x64
		{87F751EB-1669-401C-9034-6A1E160F5A55}.Release|x64.Build.0 = Release|x64
		{87F751EB-1669-401C-9034-6A1E160F5A55}.Release|x86.ActiveCfg = Release|x86
		{87F751EB-1669-401C-9034-6A1E160F5A55}.Release|x86.Build.0 = Release|x86
		{43E7D318-C846-48D7-9671-9700447BC3EE}.Debug|Any CPU.ActiveCfg = Debug|Any CPU
		{43E7D318-C846-48D7-9671-9700447BC3EE}.Debug|Any CPU.Build.0 = Debug|Any CPU
		{43E7D318-C846-48D7-9671-9700447BC3EE}.Debug|x64.ActiveCfg = Debug|x64
		{43E7D318-C846-48D7-9671-9700447BC3EE}.Debug|x64.Build.0 = Debug|x64
		{43E7D318-C846-48D7-9671-9700447BC3EE}.Debug|x86.ActiveCfg = Debug|x86
		{43E7D318-C846-48D7-9671-9700447BC3EE}.Debug|x86.Build.0 = Debug|x86
		{43E7D318-C846-48D7-9671-9700447BC3EE}.Release|Any CPU.ActiveCfg = Release|Any CPU
		{43E7D318-C846-48D7-9671-9700447BC3EE}.Release|Any CPU.Build.0 = Release|Any CPU
		{43E7D318-C846-48D7-9671-9700447BC3EE}.Release|x64.ActiveCfg = Release|x64
		{43E7D318-C846-48D7-9671-9700447BC3EE}.Release|x64.Build.0 = Release|x64
		{43E7D318-C846-48D7-9671-9700447BC3EE}.Release|x86.ActiveCfg = Release|x86
		{43E7D318-C846-48D7-9671-9700447BC3EE}.Release|x86.Build.0 = Release|x86
		{9E7229C6-45D6-40E2-9EE9-119997E629C3}.Debug|Any CPU.ActiveCfg = Debug|Any CPU
		{9E7229C6-45D6-40E2-9EE9-119997E629C3}.Debug|Any CPU.Build.0 = Debug|Any CPU
		{9E7229C6-45D6-40E2-9EE9-119997E629C3}.Debug|x64.ActiveCfg = Debug|x64
		{9E7229C6-45D6-40E2-9EE9-119997E629C3}.Debug|x64.Build.0 = Debug|x64
		{9E7229C6-45D6-40E2-9EE9-119997E629C3}.Debug|x86.ActiveCfg = Debug|x86
		{9E7229C6-45D6-40E2-9EE9-119997E629C3}.Debug|x86.Build.0 = Debug|x86
		{9E7229C6-45D6-40E2-9EE9-119997E629C3}.Release|Any CPU.ActiveCfg = Release|Any CPU
		{9E7229C6-45D6-40E2-9EE9-119997E629C3}.Release|Any CPU.Build.0 = Release|Any CPU
		{9E7229C6-45D6-40E2-9EE9-119997E629C3}.Release|x64.ActiveCfg = Release|x64
		{9E7229C6-45D6-40E2-9EE9-119997E629C3}.Release|x64.Build.0 = Release|x64
		{9E7229C6-45D6-40E2-9EE9-119997E629C3}.Release|x86.ActiveCfg = Release|x86
		{9E7229C6-45D6-40E2-9EE9-119997E629C3}.Release|x86.Build.0 = Release|x86
		{BD5B8EF9-7075-4781-9D2A-032E2599785B}.Debug|Any CPU.ActiveCfg = Debug|Any CPU
		{BD5B8EF9-7075-4781-9D2A-032E2599785B}.Debug|Any CPU.Build.0 = Debug|Any CPU
		{BD5B8EF9-7075-4781-9D2A-032E2599785B}.Debug|x64.ActiveCfg = Debug|x64
		{BD5B8EF9-7075-4781-9D2A-032E2599785B}.Debug|x64.Build.0 = Debug|x64
		{BD5B8EF9-7075-4781-9D2A-032E2599785B}.Debug|x86.ActiveCfg = Debug|x86
		{BD5B8EF9-7075-4781-9D2A-032E2599785B}.Debug|x86.Build.0 = Debug|x86
		{BD5B8EF9-7075-4781-9D2A-032E2599785B}.Release|Any CPU.ActiveCfg = Release|Any CPU
		{BD5B8EF9-7075-4781-9D2A-032E2599785B}.Release|Any CPU.Build.0 = Release|Any CPU
		{BD5B8EF9-7075-4781-9D2A-032E2599785B}.Release|x64.ActiveCfg = Release|x64
		{BD5B8EF9-7075-4781-9D2A-032E2599785B}.Release|x64.Build.0 = Release|x64
		{BD5B8EF9-7075-4781-9D2A-032E2599785B}.Release|x86.ActiveCfg = Release|x86
		{BD5B8EF9-7075-4781-9D2A-032E2599785B}.Release|x86.Build.0 = Release|x86
		{54733854-ADD4-47C8-B40A-BAB857BE049D}.Debug|Any CPU.ActiveCfg = Debug|Any CPU
		{54733854-ADD4-47C8-B40A-BAB857BE049D}.Debug|Any CPU.Build.0 = Debug|Any CPU
		{54733854-ADD4-47C8-B40A-BAB857BE049D}.Debug|x64.ActiveCfg = Debug|x64
		{54733854-ADD4-47C8-B40A-BAB857BE049D}.Debug|x64.Build.0 = Debug|x64
		{54733854-ADD4-47C8-B40A-BAB857BE049D}.Debug|x86.ActiveCfg = Debug|x86
		{54733854-ADD4-47C8-B40A-BAB857BE049D}.Debug|x86.Build.0 = Debug|x86
		{54733854-ADD4-47C8-B40A-BAB857BE049D}.Release|Any CPU.ActiveCfg = Release|Any CPU
		{54733854-ADD4-47C8-B40A-BAB857BE049D}.Release|Any CPU.Build.0 = Release|Any CPU
		{54733854-ADD4-47C8-B40A-BAB857BE049D}.Release|x64.ActiveCfg = Release|x64
		{54733854-ADD4-47C8-B40A-BAB857BE049D}.Release|x64.Build.0 = Release|x64
		{54733854-ADD4-47C8-B40A-BAB857BE049D}.Release|x86.ActiveCfg = Release|x86
		{54733854-ADD4-47C8-B40A-BAB857BE049D}.Release|x86.Build.0 = Release|x86
		{FA733029-A94B-44BB-9846-D09745B050DA}.Debug|Any CPU.ActiveCfg = Debug|Any CPU
		{FA733029-A94B-44BB-9846-D09745B050DA}.Debug|Any CPU.Build.0 = Debug|Any CPU
		{FA733029-A94B-44BB-9846-D09745B050DA}.Debug|x64.ActiveCfg = Debug|x64
		{FA733029-A94B-44BB-9846-D09745B050DA}.Debug|x64.Build.0 = Debug|x64
		{FA733029-A94B-44BB-9846-D09745B050DA}.Debug|x86.ActiveCfg = Debug|x86
		{FA733029-A94B-44BB-9846-D09745B050DA}.Debug|x86.Build.0 = Debug|x86
		{FA733029-A94B-44BB-9846-D09745B050DA}.Release|Any CPU.ActiveCfg = Release|Any CPU
		{FA733029-A94B-44BB-9846-D09745B050DA}.Release|Any CPU.Build.0 = Release|Any CPU
		{FA733029-A94B-44BB-9846-D09745B050DA}.Release|x64.ActiveCfg = Release|x64
		{FA733029-A94B-44BB-9846-D09745B050DA}.Release|x64.Build.0 = Release|x64
		{FA733029-A94B-44BB-9846-D09745B050DA}.Release|x86.ActiveCfg = Release|x86
		{FA733029-A94B-44BB-9846-D09745B050DA}.Release|x86.Build.0 = Release|x86
		{40E41627-161D-4111-B65F-4AD8FD3B276C}.Debug|Any CPU.ActiveCfg = Debug|Any CPU
		{40E41627-161D-4111-B65F-4AD8FD3B276C}.Debug|Any CPU.Build.0 = Debug|Any CPU
		{40E41627-161D-4111-B65F-4AD8FD3B276C}.Debug|x64.ActiveCfg = Debug|x64
		{40E41627-161D-4111-B65F-4AD8FD3B276C}.Debug|x64.Build.0 = Debug|x64
		{40E41627-161D-4111-B65F-4AD8FD3B276C}.Debug|x86.ActiveCfg = Debug|x86
		{40E41627-161D-4111-B65F-4AD8FD3B276C}.Debug|x86.Build.0 = Debug|x86
		{40E41627-161D-4111-B65F-4AD8FD3B276C}.Release|Any CPU.ActiveCfg = Release|Any CPU
		{40E41627-161D-4111-B65F-4AD8FD3B276C}.Release|Any CPU.Build.0 = Release|Any CPU
		{40E41627-161D-4111-B65F-4AD8FD3B276C}.Release|x64.ActiveCfg = Release|x64
		{40E41627-161D-4111-B65F-4AD8FD3B276C}.Release|x64.Build.0 = Release|x64
		{40E41627-161D-4111-B65F-4AD8FD3B276C}.Release|x86.ActiveCfg = Release|x86
		{40E41627-161D-4111-B65F-4AD8FD3B276C}.Release|x86.Build.0 = Release|x86
		{6BA5F9A6-DEFA-499A-BAA2-4DF15BE9E647}.Debug|Any CPU.ActiveCfg = Debug|Any CPU
		{6BA5F9A6-DEFA-499A-BAA2-4DF15BE9E647}.Debug|Any CPU.Build.0 = Debug|Any CPU
		{6BA5F9A6-DEFA-499A-BAA2-4DF15BE9E647}.Debug|x64.ActiveCfg = Debug|x64
		{6BA5F9A6-DEFA-499A-BAA2-4DF15BE9E647}.Debug|x64.Build.0 = Debug|x64
		{6BA5F9A6-DEFA-499A-BAA2-4DF15BE9E647}.Debug|x86.ActiveCfg = Debug|x86
		{6BA5F9A6-DEFA-499A-BAA2-4DF15BE9E647}.Debug|x86.Build.0 = Debug|x86
		{6BA5F9A6-DEFA-499A-BAA2-4DF15BE9E647}.Release|Any CPU.ActiveCfg = Release|Any CPU
		{6BA5F9A6-DEFA-499A-BAA2-4DF15BE9E647}.Release|Any CPU.Build.0 = Release|Any CPU
		{6BA5F9A6-DEFA-499A-BAA2-4DF15BE9E647}.Release|x64.ActiveCfg = Release|x64
		{6BA5F9A6-DEFA-499A-BAA2-4DF15BE9E647}.Release|x64.Build.0 = Release|x64
		{6BA5F9A6-DEFA-499A-BAA2-4DF15BE9E647}.Release|x86.ActiveCfg = Release|x86
		{6BA5F9A6-DEFA-499A-BAA2-4DF15BE9E647}.Release|x86.Build.0 = Release|x86
	EndGlobalSection
	GlobalSection(SolutionProperties) = preSolution
		HideSolutionNode = FALSE
	EndGlobalSection
EndGlobal
